{
  "name": "spotify-playlist-analyzer",
  "lockfileVersion": 3,
  "requires": true,
  "packages": {
    "": {
      "dependencies": {
        "@sentry/react": "^10.75.2"
      }
    },
    "node_modules/@sentry/browser": {
      "version": "10.75.2",
      "resolved": "https://registry.npmjs.org/@sentry/browser/-/browser-10.75.2.tgz",
      "integrity": "sha512-2Q8Bd6aTIHmqWL/rGDZdr1JTGW2fYPXf+lMyhHp4CX6OE7gMaaI5ZUwQWgVelqUOvKkOZHHk0wo6K8+ExdwawQ==",
      "license": "MIT",
      "dependencies": {
        "@sentry/browser-utils": "10.75.2",
        "@sentry/conventions": "^0.16.0",
        "@sentry/core": "10.75.2",
        "@sentry/feedback": "10.75.2",
        "@sentry/replay": "10.75.2",
        "@sentry/replay-canvas": "10.75.2"
      },
      "engines": {
        "node": ">=18"
      }
    },
    "node_modules/@sentry/browser-utils": {
      "version": "10.75.2",
      "resolved": "https://registry.npmjs.org/@sentry/browser-utils/-/browser-utils-10.75.2.tgz",
      "integrity": "sha512-U9RIJE0vZHWEnfEpJAa/SQ60MsNSUaxww4MVymNLwJ26BrLFz9jLhVIW9bXcx0i1iwK+KQbIv6ebPDOnCfYUPQ==",
      "license": "MIT",
      "dependencies": {
        "@sentry/conventions": "^0.16.0",
        "@sentry/core": "10.75.2"
      },
      "engines": {
        "node": ">=18"
      }
    },
    "node_modules/@sentry/conventions": {
      "version": "0.16.0",
      "resolved": "https://registry.npmjs.org/@sentry/conventions/-/conventions-0.16.0.tgz",
      "integrity": "sha512-fO9PLmHdVURcSPUpWCItWAtgKiMwGdJHbovoSEyLplX5sxs2ugvI4CBPTrkkgqhObnZOD0CnWBKDzSVQYBKEyQ==",
      "license": "MIT",
      "engines": {
        "node": ">=14"
      }
    },
    "node_modules/@sentry/core": {
      "version": "10.75.2",
      "resolved": "https://registry.npmjs.org/@sentry/core/-/core-10.75.2.tgz",
      "integrity": "sha512-KXzNf2c430cJIOMv84+MKpkXgave1DBNMNNwn073olVD773NME5IhDv/9VQyiFM2wIU+6bm4FEBVEVSuzqgjJw==",
      "license": "MIT",
      "dependencies": {
        "@sentry/conventions": "^0.16.0"
      },
      "engines": {
        "node": ">=18"
      }
    },
    "node_modules/@sentry/feedback": {
      "version": "10.75.2",
      "resolved": "https://registry.npmjs.org/@sentry/feedback/-/feedback-10.75.2.tgz",
      "integrity": "sha512-/nrtMVSxOqBAigMWxIQS+Y8OqQ27ty+isMh6+X96kfAp/SaGrNZ425SZxKwq0mwHS0WnVkF+rE5dJnbbi56XSA==",
      "license": "MIT",
      "dependencies": {
        "@sentry/core": "10.75.2"
      },
      "engines": {
        "node": ">=18"
      }
    },
    "node_modules/@sentry/react": {
      "version": "10.75.2",
      "resolved": "https://registry.npmjs.org/@sentry/react/-/react-10.75.2.tgz",
      "integrity": "sha512-4MtB1tSmMHzwTwY7m30UzRbbUx9cP84UK7WIDL9g7RvoGd/aZwxbp6IkUJ46VBNItVoSF+1GM9wtqzkLma252g==",
      "license": "MIT",
      "dependencies": {
        "@sentry/browser": "10.75.2",
        "@sentry/conventions": "^0.16.0",
        "@sentry/core": "10.75.2"
      },
      "engines": {
        "node": ">=18"
      },
      "peerDependencies": {
        "react": "^16.14.0 || 17.x || 18.x || 19.x"
      }
    },
    "node_modules/@sentry/replay": {
      "version": "10.75.2",
      "resolved": "https://registry.npmjs.org/@sentry/replay/-/replay-10.75.2.tgz",
      "integrity": "sha512-cCfdPt892S+rrAFOuUvbwR318/ZPFfBFvVkMlL3goktAnbECAGy6comAxLQEalyp22Ee67bEqYQN7RdNuRHIJw==",
      "license": "MIT",
      "dependencies": {
        "@sentry/browser-utils": "10.75.2",
        "@sentry/core": "10.75.2"
      },
      "engines": {
        "node": ">=18"
      }
    },
    "node_modules/@sentry/replay-canvas": {
      "version": "10.75.2",
      "resolved": "https://registry.npmjs.org/@sentry/replay-canvas/-/replay-canvas-10.75.2.tgz",
      "integrity": "sha512-4GVhCkn+/0QEpXdY8UfXahg8qjF2QTH1+qej/CLketHGfRqxLhdanzHU9ILesplWX5GeuTkPn5ZTmd5CJf+KXg==",
      "license": "MIT",
      "dependencies": {
        "@sentry/core": "10.75.2",
        "@sentry/replay": "10.75.2"
      },
      "engines": {
        "node": ">=18"
      }
    },
    "node_modules/react": {
      "version": "19.3.0",
      "resolved": "https://registry.npmjs.org/react/-/react-19.3.0.tgz",
      "integrity": "sha512-E8LUcbtBWt20bbl2YoHfx4ZDBdxVTfOKtCZn9cDSJ4l6/nuoApcpIBcj47t2wZoVX8g2ZHuMHbiShgCR1T5Sog==",
      "license": "MIT",
      "peer": true,
      "engines": {
        "node": ">=0.10.0"
      }
    }
  }
}
