lockfileVersion: '9.0'

settings:
  autoInstallPeers: true
  excludeLinksFromLockfile: false

importers:

  .:
    dependencies:
      '@sentry/react':
        specifier: ^10.75.2
        version: 10.75.3(react@19.3.0)

packages:

  '@sentry/browser-utils@10.75.3':
    resolution: {integrity: sha512-T2oQSMMZ5mWDRlyCDx9HtPRzO0qMxYojmHjYwpKvzB2dmk9NFnTS+aGXNYVv2i1/Uz0dbl8RGETBDiFM5UOs+w==}
    engines: {node: '>=18'}

  '@sentry/browser@10.75.3':
    resolution: {integrity: sha512-tqjrG3dnk7LHPDiIxg/5MVF+ONV3VI33fJbAdlSODZD9/i09gXXfp5yoI70HBuasYVMGoCwoUowDfuRoZWEBuA==}
    engines: {node: '>=18'}

  '@sentry/conventions@0.16.0':
    resolution: {integrity: sha512-fO9PLmHdVURcSPUpWCItWAtgKiMwGdJHbovoSEyLplX5sxs2ugvI4CBPTrkkgqhObnZOD0CnWBKDzSVQYBKEyQ==}
    engines: {node: '>=14'}

  '@sentry/core@10.75.3':
    resolution: {integrity: sha512-QHgzobetM4UgEVbyqx9WPJzRq0YzyNg2CeeoM1Bf84ivYJXXiiVWxjzc0RHk3c0DHY5/6O6nJqos1xVL55dgZA==}
    engines: {node: '>=18'}

  '@sentry/feedback@10.75.3':
    resolution: {integrity: sha512-F9w4xK1/qd2cDvudyxPF23weFV/+4wDykRg7ay2iapRPqsSgHlHshkq9+OGLqrevhFrPUEizRMimulPuREHUiQ==}
    engines: {node: '>=18'}

  '@sentry/react@10.75.3':
    resolution: {integrity: sha512-Bj8bF3j66GiGNa55LuGlkSWuYmuNWQSlrUBFKgjPJMCc75Ix/c+0EzLueRw6ttKGju+4FmKhF5aqYxcPJNH0MA==}
    engines: {node: '>=18'}
    peerDependencies:
      react: ^16.14.0 || 17.x || 18.x || 19.x

  '@sentry/replay-canvas@10.75.3':
    resolution: {integrity: sha512-uzmOMJ7O2BGIcfXtiqLrK25LmpbGll2YgJGf5Ulkv2tGSCpXRyC0JHl3mtQcb90AAjB/5/yS1xDAkZLWIEHHSQ==}
    engines: {node: '>=18'}

  '@sentry/replay@10.75.3':
    resolution: {integrity: sha512-PSWveKEo/eGqcj7tjgNPLZCOQ5Gd0j0NCvVZvOyUhyZJ+W8rLXg4XrlWAlDGz6fjtK++oO1AOmcbv0Aonq+WlQ==}
    engines: {node: '>=18'}

  react@19.3.0:
    resolution: {integrity: sha512-E8LUcbtBWt20bbl2YoHfx4ZDBdxVTfOKtCZn9cDSJ4l6/nuoApcpIBcj47t2wZoVX8g2ZHuMHbiShgCR1T5Sog==}
    engines: {node: '>=0.10.0'}

snapshots:

  '@sentry/browser-utils@10.75.3':
    dependencies:
      '@sentry/conventions': 0.16.0
      '@sentry/core': 10.75.3

  '@sentry/browser@10.75.3':
    dependencies:
      '@sentry/browser-utils': 10.75.3
      '@sentry/conventions': 0.16.0
      '@sentry/core': 10.75.3
      '@sentry/feedback': 10.75.3
      '@sentry/replay': 10.75.3
      '@sentry/replay-canvas': 10.75.3

  '@sentry/conventions@0.16.0': {}

  '@sentry/core@10.75.3':
    dependencies:
      '@sentry/conventions': 0.16.0

  '@sentry/feedback@10.75.3':
    dependencies:
      '@sentry/core': 10.75.3

  '@sentry/react@10.75.3(react@19.3.0)':
    dependencies:
      '@sentry/browser': 10.75.3
      '@sentry/conventions': 0.16.0
      '@sentry/core': 10.75.3
      react: 19.3.0

  '@sentry/replay-canvas@10.75.3':
    dependencies:
      '@sentry/core': 10.75.3
      '@sentry/replay': 10.75.3

  '@sentry/replay@10.75.3':
    dependencies:
      '@sentry/browser-utils': 10.75.3
      '@sentry/core': 10.75.3

  react@19.3.0: {}
